// !$*UTF8*$!
{
	archiveVersion = 1;
	classes = {
	};
	objectVersion = 51;
	objects = {

/* Begin PBXBuildFile section */
		7795512707F61465FF23152D /* Pods_sandbox.framework in Frameworks */ = {isa = PBXBuildFile; fileRef = 9364325DAAA40E70AF000321 /* Pods_sandbox.framework */; };
		EA435C6E2550FEF400163DBC /* AppDelegate.swift in Sources */ = {isa = PBXBuildFile; fileRef = EA435C6D2550FEF400163DBC /* AppDelegate.swift */; };
		EA625F91254FC280002A65E0 /* MapView.swift in Sources */ = {isa = PBXBuildFile; fileRef = EA625F90254FC280002A65E0 /* MapView.swift */; };
		EA8C805B254FA2AF00305679 /* sandboxApp.swift in Sources */ = {isa = PBXBuildFile; fileRef = EA8C805A254FA2AF00305679 /* sandboxApp.swift */; };
		EA8C805D254FA2AF00305679 /* ContentView.swift in Sources */ = {isa = PBXBuildFile; fileRef = EA8C805C254FA2AF00305679 /* ContentView.swift */; };
		EA8C805F254FA2B000305679 /* Assets.xcassets in Resources */ = {isa = PBXBuildFile; fileRef = EA8C805E254FA2B000305679 /* Assets.xcassets */; };
		EA8C8062254FA2B000305679 /* Preview Assets.xcassets in Resources */ = {isa = PBXBuildFile; fileRef = EA8C8061254FA2B000305679 /* Preview Assets.xcassets */; };
		EA8C806C254FADF400305679 /* VeganFoodPlace.swift in Sources */ = {isa = PBXBuildFile; fileRef = EA8C806B254FADF400305679 /* VeganFoodPlace.swift */; };
/* End PBXBuildFile section */

/* Begin PBXFileReference section */
		9364325DAAA40E70AF000321 /* Pods_sandbox.framework */ = {isa = PBXFileReference; explicitFileType = wrapper.framework; includeInIndex = 0; path = Pods_sandbox.framework; sourceTree = BUILT_PRODUCTS_DIR; };
		A79E402EF7C28E145289269E /* Pods-sandbox.debug.xcconfig */ = {isa = PBXFileReference; includeInIndex = 1; lastKnownFileType = text.xcconfig; name = "Pods-sandbox.debug.xcconfig"; path = "Target Support Files/Pods-sandbox/Pods-sandbox.debug.xcconfig"; sourceTree = "<group>"; };
		E177B43F33356C7F91D41E60 /* Pods-sandbox.release.xcconfig */ = {isa = PBXFileReference; includeInIndex = 1; lastKnownFileType = text.xcconfig; name = "Pods-sandbox.release.xcconfig"; path = "Target Support Files/Pods-sandbox/Pods-sandbox.release.xcconfig"; sourceTree = "<group>"; };
		EA435C6D2550FEF400163DBC /* AppDelegate.swift */ = {isa = PBXFileReference; lastKnownFileType = sourcecode.swift; path = AppDelegate.swift; sourceTree = "<group>"; };
		EA625F90254FC280002A65E0 /* MapView.swift */ = {isa = PBXFileReference; lastKnownFileType = sourcecode.swift; path = MapView.swift; sourceTree = "<group>"; };
		EA8C8057254FA2AF00305679 /* sandbox.app */ = {isa = PBXFileReference; explicitFileType = wrapper.application; includeInIndex = 0; path = sandbox.app; sourceTree = BUILT_PRODUCTS_DIR; };
		EA8C805A254FA2AF00305679 /* sandboxApp.swift */ = {isa = PBXFileReference; lastKnownFileType = sourcecode.swift; path = sandboxApp.swift; sourceTree = "<group>"; };
		EA8C805C254FA2AF00305679 /* ContentView.swift */ = {isa = PBXFileReference; lastKnownFileType = sourcecode.swift; path = ContentView.swift; sourceTree = "<group>"; };
		EA8C805E254FA2B000305679 /* Assets.xcassets */ = {isa = PBXFileReference; lastKnownFileType = folder.assetcatalog; path = Assets.xcassets; sourceTree = "<group>"; };
		EA8C8061254FA2B000305679 /* Preview Assets.xcassets */ = {isa = PBXFileReference; lastKnownFileType = folder.assetcatalog; path = "Preview Assets.xcassets"; sourceTree = "<group>"; };
		EA8C8063254FA2B000305679 /* Info.plist */ = {isa = PBXFileReference; lastKnownFileType = text.plist.xml; path = Info.plist; sourceTree = "<group>"; };
		EA8C806B254FADF400305679 /* VeganFoodPlace.swift */ = {isa = PBXFileReference; lastKnownFileType = sourcecode.swift; path = VeganFoodPlace.swift; sourceTree = "<group>"; };
/* End PBXFileReference section */

/* Begin PBXFrameworksBuildPhase section */
		EA8C8054254FA2AF00305679 /* Frameworks */ = {
			isa = PBXFrameworksBuildPhase;
			buildActionMask = 2147483647;
			files = (
				7795512707F61465FF23152D /* Pods_sandbox.framework in Frameworks */,
			);
			runOnlyForDeploymentPostprocessing = 0;
		};
/* End PBXFrameworksBuildPhase section */

/* Begin PBXGroup section */
		49065C2C06D7A3D9C25461B0 /* Pods */ = {
			isa = PBXGroup;
			children = (
				A79E402EF7C28E145289269E /* Pods-sandbox.debug.xcconfig */,
				E177B43F33356C7F91D41E60 /* Pods-sandbox.release.xcconfig */,
			);
			path = Pods;
			sourceTree = "<group>";
		};
		58CAE6D0EBACB3DEDD559DF2 /* Frameworks */ = {
			isa = PBXGroup;
			children = (
				9364325DAAA40E70AF000321 /* Pods_sandbox.framework */,
			);
			name = Frameworks;
			sourceTree = "<group>";
		};
		EA8C804E254FA2AF00305679 = {
			isa = PBXGroup;
			children = (
				EA8C8059254FA2AF00305679 /* sandbox */,
				EA8C8058254FA2AF00305679 /* Products */,
				49065C2C06D7A3D9C25461B0 /* Pods */,
				58CAE6D0EBACB3DEDD559DF2 /* Frameworks */,
			);
			sourceTree = "<group>";
		};
		EA8C8058254FA2AF00305679 /* Products */ = {
			isa = PBXGroup;
			children = (
				EA8C8057254FA2AF00305679 /* sandbox.app */,
			);
			name = Products;
			sourceTree = "<group>";
		};
		EA8C8059254FA2AF00305679 /* sandbox */ = {
			isa = PBXGroup;
			children = (
				EA435C6D2550FEF400163DBC /* AppDelegate.swift */,
				EA8C806A254FADE300305679 /* Models */,
				EA8C805A254FA2AF00305679 /* sandboxApp.swift */,
				EA8C805C254FA2AF00305679 /* ContentView.swift */,
				EA625F90254FC280002A65E0 /* MapView.swift */,
				EA8C805E254FA2B000305679 /* Assets.xcassets */,
				EA8C8063254FA2B000305679 /* Info.plist */,
				EA8C8060254FA2B000305679 /* Preview Content */,
			);
			path = sandbox;
			sourceTree = "<group>";
		};
		EA8C8060254FA2B000305679 /* Preview Content */ = {
			isa = PBXGroup;
			children = (
				EA8C8061254FA2B000305679 /* Preview Assets.xcassets */,
			);
			path = "Preview Content";
			sourceTree = "<group>";
		};
		EA8C806A254FADE300305679 /* Models */ = {
			isa = PBXGroup;
			children = (
				EA8C806B254FADF400305679 /* VeganFoodPlace.swift */,
			);
			path = Models;
			sourceTree = "<group>";
		};
/* End PBXGroup section */

/* Begin PBXNativeTarget section */
		EA8C8056254FA2AF00305679 /* sandbox */ = {
			isa = PBXNativeTarget;
			buildConfigurationList = EA8C8066254FA2B000305679 /* Build configuration list for PBXNativeTarget "sandbox" */;
			buildPhases = (
				15C611E7DEF86B1382D061EF /* [CP] Check Pods Manifest.lock */,
				EA8C8053254FA2AF00305679 /* Sources */,
				EA8C8054254FA2AF00305679 /* Frameworks */,
				EA8C8055254FA2AF00305679 /* Resources */,
				461713832F8D535C99C7F97B /* [CP] Embed Pods Frameworks */,
			);
			buildRules = (
			);
			dependencies = (
			);
			name = sandbox;
			productName = sandbox;
			productReference = EA8C8057254FA2AF00305679 /* sandbox.app */;
			productType = "com.apple.product-type.application";
		};
/* End PBXNativeTarget section */

/* Begin PBXProject section */
		EA8C804F254FA2AF00305679 /* Project object */ = {
			isa = PBXProject;
			attributes = {
				LastSwiftUpdateCheck = 1210;
				LastUpgradeCheck = 1210;
				TargetAttributes = {
					EA8C8056254FA2AF00305679 = {
						CreatedOnToolsVersion = 12.1;
					};
				};
			};
			buildConfigurationList = EA8C8052254FA2AF00305679 /* Build configuration list for PBXProject "sandbox" */;
			compatibilityVersion = "Xcode 9.3";
			developmentRegion = en;
			hasScannedForEncodings = 0;
			knownRegions = (
				en,
				Base,
			);
			mainGroup = EA8C804E254FA2AF00305679;
			productRefGroup = EA8C8058254FA2AF00305679 /* Products */;
			projectDirPath = "";
			projectRoot = "";
			targets = (
				EA8C8056254FA2AF00305679 /* sandbox */,
			);
		};
/* End PBXProject section */

/* Begin PBXResourcesBuildPhase section */
		EA8C8055254FA2AF00305679 /* Resources */ = {
			isa = PBXResourcesBuildPhase;
			buildActionMask = 2147483647;
			files = (
				EA8C8062254FA2B000305679 /* Preview Assets.xcassets in Resources */,
				EA8C805F254FA2B000305679 /* Assets.xcassets in Resources */,
			);
			runOnlyForDeploymentPostprocessing = 0;
		};
/* End PBXResourcesBuildPhase section */

/* Begin PBXShellScriptBuildPhase section */
		15C611E7DEF86B1382D061EF /* [CP] Check Pods Manifest.lock */ = {
			isa = PBXShellScriptBuildPhase;
			buildActionMask = 2147483647;
			files = (
			);
			inputFileListPaths = (
			);
			inputPaths = (
				"${PODS_PODFILE_DIR_PATH}/Podfile.lock",
				"${PODS_ROOT}/Manifest.lock",
			);
			name = "[CP] Check Pods Manifest.lock";
			outputFileListPaths = (
			);
			outputPaths = (
				"$(DERIVED_FILE_DIR)/Pods-sandbox-checkManifestLockResult.txt",
			);
			runOnlyForDeploymentPostprocessing = 0;
			shellPath = /bin/sh;
			shellScript = "diff \"${PODS_PODFILE_DIR_PATH}/Podfile.lock\" \"${PODS_ROOT}/Manifest.lock\" > /dev/null\nif [ $? != 0 ] ; then\n    # print error to STDERR\n    echo \"error: The sandbox is not in sync with the Podfile.lock. Run 'pod install' or update your CocoaPods installation.\" >&2\n    exit 1\nfi\n# This output is used by Xcode 'outputs' to avoid re-running this script phase.\necho \"SUCCESS\" > \"${SCRIPT_OUTPUT_FILE_0}\"\n";
			showEnvVarsInLog = 0;
		};
		461713832F8D535C99C7F97B /* [CP] Embed Pods Frameworks */ = {
			isa = PBXShellScriptBuildPhase;
			buildActionMask = 2147483647;
			files = (
			);
			inputFileListPaths = (
				"${PODS_ROOT}/Target Support Files/Pods-sandbox/Pods-sandbox-frameworks-${CONFIGURATION}-input-files.xcfilelist",
			);
			name = "[CP] Embed Pods Frameworks";
			outputFileListPaths = (
				"${PODS_ROOT}/Target Support Files/Pods-sandbox/Pods-sandbox-frameworks-${CONFIGURATION}-output-files.xcfilelist",
			);
			runOnlyForDeploymentPostprocessing = 0;
			shellPath = /bin/sh;
			shellScript = "\"${PODS_ROOT}/Target Support Files/Pods-sandbox/Pods-sandbox-frameworks.sh\"\n";
			showEnvVarsInLog = 0;
		};
/* End PBXShellScriptBuildPhase section */

/* Begin PBXSourcesBuildPhase section */
		EA8C8053254FA2AF00305679 /* Sources */ = {
			isa = PBXSourcesBuildPhase;
			buildActionMask = 2147483647;
			files = (
				EA8C805D254FA2AF00305679 /* ContentView.swift in Sources */,
				EA625F91254FC280002A65E0 /* MapView.swift in Sources */,
				EA8C805B254FA2AF00305679 /* sandboxApp.swift in Sources */,
				EA435C6E2550FEF400163DBC /* AppDelegate.swift in Sources */,
				EA8C806C254FADF400305679 /* VeganFoodPlace.swift in Sources */,
			);
			runOnlyForDeploymentPostprocessing = 0;
		};
/* End PBXSourcesBuildPhase section */

/* Begin XCBuildConfiguration section */
		EA8C8064254FA2B000305679 /* Debug */ = {
			isa = XCBuildConfiguration;
			buildSettings = {
				ALWAYS_SEARCH_USER_PATHS = NO;
				CLANG_ANALYZER_NONNULL = YES;
				CLANG_ANALYZER_NUMBER_OBJECT_CONVERSION = YES_AGGRESSIVE;
				CLANG_CXX_LANGUAGE_STANDARD = "gnu++14";
				CLANG_CXX_LIBRARY = "libc++";
				CLANG_ENABLE_MODULES = YES;
				CLANG_ENABLE_OBJC_ARC = YES;
				CLANG_ENABLE_OBJC_WEAK = YES;
				CLANG_WARN_BLOCK_CAPTURE_AUTORELEASING = YES;
				CLANG_WARN_BOOL_CONVERSION = YES;
				CLANG_WARN_COMMA = YES;
				CLANG_WARN_CONSTANT_CONVERSION = YES;
				CLANG_WARN_DEPRECATED_OBJC_IMPLEMENTATIONS = YES;
				CLANG_WARN_DIRECT_OBJC_ISA_USAGE = YES_ERROR;
				CLANG_WARN_DOCUMENTATION_COMMENTS = YES;
				CLANG_WARN_EMPTY_BODY = YES;
				CLANG_WARN_ENUM_CONVERSION = YES;
				CLANG_WARN_INFINITE_RECURSION = YES;
				CLANG_WARN_INT_CONVERSION = YES;
				CLANG_WARN_NON_LITERAL_NULL_CONVERSION = YES;
				CLANG_WARN_OBJC_IMPLICIT_RETAIN_SELF = YES;
				CLANG_WARN_OBJC_LITERAL_CONVERSION = YES;
				CLANG_WARN_OBJC_ROOT_CLASS = YES_ERROR;
				CLANG_WARN_QUOTED_INCLUDE_IN_FRAMEWORK_HEADER = YES;
				CLANG_WARN_RANGE_LOOP_ANALYSIS = YES;
				CLANG_WARN_STRICT_PROTOTYPES = YES;
				CLANG_WARN_SUSPICIOUS_MOVE = YES;
				CLANG_WARN_UNGUARDED_AVAILABILITY = YES_AGGRESSIVE;
				CLANG_WARN_UNREACHABLE_CODE = YES;
				CLANG_WARN__DUPLICATE_METHOD_MATCH = YES;
				COPY_PHASE_STRIP = NO;
				DEBUG_INFORMATION_FORMAT = dwarf;
				ENABLE_STRICT_OBJC_MSGSEND = YES;
				ENABLE_TESTABILITY = YES;
				GCC_C_LANGUAGE_STANDARD = gnu11;
				GCC_DYNAMIC_NO_PIC = NO;
				GCC_NO_COMMON_BLOCKS = YES;
				GCC_OPTIMIZATION_LEVEL = 0;
				GCC_PREPROCESSOR_DEFINITIONS = (
					"DEBUG=1",
					"$(inherited)",
				);
				GCC_WARN_64_TO_32_BIT_CONVERSION = YES;
				GCC_WARN_ABOUT_RETURN_TYPE = YES_ERROR;
				GCC_WARN_UNDECLARED_SELECTOR = YES;
				GCC_WARN_UNINITIALIZED_AUTOS = YES_AGGRESSIVE;
				GCC_WARN_UNUSED_FUNCTION = YES;
				GCC_WARN_UNUSED_VARIABLE = YES;
				IPHONEOS_DEPLOYMENT_TARGET = 14.1;
				MTL_ENABLE_DEBUG_INFO = INCLUDE_SOURCE;
				MTL_FAST_MATH = YES;
				ONLY_ACTIVE_ARCH = YES;
				SDKROOT = iphoneos;
				SWIFT_ACTIVE_COMPILATION_CONDITIONS = DEBUG;
				SWIFT_OPTIMIZATION_LEVEL = "-Onone";
			};
			name = Debug;
		};
		EA8C8065254FA2B000305679 /* Release */ = {
			isa = XCBuildConfiguration;
			buildSettings = {
				ALWAYS_SEARCH_USER_PATHS = NO;
				CLANG_ANALYZER_NONNULL = YES;
				CLANG_ANALYZER_NUMBER_OBJECT_CONVERSION = YES_AGGRESSIVE;
				CLANG_CXX_LANGUAGE_STANDARD = "gnu++14";
				CLANG_CXX_LIBRARY = "libc++";
				CLANG_ENABLE_MODULES = YES;
				CLANG_ENABLE_OBJC_ARC = YES;
				CLANG_ENABLE_OBJC_WEAK = YES;
				CLANG_WARN_BLOCK_CAPTURE_AUTORELEASING = YES;
				CLANG_WARN_BOOL_CONVERSION = YES;
				CLANG_WARN_COMMA = YES;
				CLANG_WARN_CONSTANT_CONVERSION = YES;
				CLANG_WARN_DEPRECATED_OBJC_IMPLEMENTATIONS = YES;
				CLANG_WARN_DIRECT_OBJC_ISA_USAGE = YES_ERROR;
				CLANG_WARN_DOCUMENTATION_COMMENTS = YES;
				CLANG_WARN_EMPTY_BODY = YES;
				CLANG_WARN_ENUM_CONVERSION = YES;
				CLANG_WARN_INFINITE_RECURSION = YES;
				CLANG_WARN_INT_CONVERSION = YES;
				CLANG_WARN_NON_LITERAL_NULL_CONVERSION = YES;
				CLANG_WARN_OBJC_IMPLICIT_RETAIN_SELF = YES;
				CLANG_WARN_OBJC_LITERAL_CONVERSION = YES;
				CLANG_WARN_OBJC_ROOT_CLASS = YES_ERROR;
				CLANG_WARN_QUOTED_INCLUDE_IN_FRAMEWORK_HEADER = YES;
				CLANG_WARN_RANGE_LOOP_ANALYSIS = YES;
				CLANG_WARN_STRICT_PROTOTYPES = YES;
				CLANG_WARN_SUSPICIOUS_MOVE = YES;
				CLANG_WARN_UNGUARDED_AVAILABILITY = YES_AGGRESSIVE;
				CLANG_WARN_UNREACHABLE_CODE = YES;
				CLANG_WARN__DUPLICATE_METHOD_MATCH = YES;
				COPY_PHASE_STRIP = NO;
				DEBUG_INFORMATION_FORMAT = "dwarf-with-dsym";
				ENABLE_NS_ASSERTIONS = NO;
				ENABLE_STRICT_OBJC_MSGSEND = YES;
				GCC_C_LANGUAGE_STANDARD = gnu11;
				GCC_NO_COMMON_BLOCKS = YES;
				GCC_WARN_64_TO_32_BIT_CONVERSION = YES;
				GCC_WARN_ABOUT_RETURN_TYPE = YES_ERROR;
				GCC_WARN_UNDECLARED_SELECTOR = YES;
				GCC_WARN_UNINITIALIZED_AUTOS = YES_AGGRESSIVE;
				GCC_WARN_UNUSED_FUNCTION = YES;
				GCC_WARN_UNUSED_VARIABLE = YES;
				IPHONEOS_DEPLOYMENT_TARGET = 14.1;
				MTL_ENABLE_DEBUG_INFO = NO;
				MTL_FAST_MATH = YES;
				SDKROOT = iphoneos;
				SWIFT_COMPILATION_MODE = wholemodule;
				SWIFT_OPTIMIZATION_LEVEL = "-O";
				VALIDATE_PRODUCT = YES;
			};
			name = Release;
		};
		EA8C8067254FA2B000305679 /* Debug */ = {
			isa = XCBuildConfiguration;
			baseConfigurationReference = A79E402EF7C28E145289269E /* Pods-sandbox.debug.xcconfig */;
			buildSettings = {
				ASSETCATALOG_COMPILER_APPICON_NAME = AppIcon;
				ASSETCATALOG_COMPILER_GLOBAL_ACCENT_COLOR_NAME = AccentColor;
				CODE_SIGN_STYLE = Automatic;
				DEVELOPMENT_ASSET_PATHS = "\"sandbox/Preview Content\"";
				DEVELOPMENT_TEAM = QHZYDWRJ4A;
				ENABLE_PREVIEWS = YES;
				INFOPLIST_FILE = sandbox/Info.plist;
				IPHONEOS_DEPLOYMENT_TARGET = 14.0;
				LD_RUNPATH_SEARCH_PATHS = (
					"$(inherited)",
					"@executable_path/Frameworks",
				);
				PRODUCT_BUNDLE_IDENTIFIER = com.borkolidev.sandbox;
				PRODUCT_NAME = "$(TARGET_NAME)";
				SWIFT_VERSION = 5.0;
				TARGETED_DEVICE_FAMILY = "1,2";
			};
			name = Debug;
		};
		EA8C8068254FA2B000305679 /* Release */ = {
			isa = XCBuildConfiguration;
			baseConfigurationReference = E177B43F33356C7F91D41E60 /* Pods-sandbox.release.xcconfig */;
			buildSettings = {
				ASSETCATALOG_COMPILER_APPICON_NAME = AppIcon;
				ASSETCATALOG_COMPILER_GLOBAL_ACCENT_COLOR_NAME = AccentColor;
				CODE_SIGN_STYLE = Automatic;
				DEVELOPMENT_ASSET_PATHS = "\"sandbox/Preview Content\"";
				DEVELOPMENT_TEAM = QHZYDWRJ4A;
				ENABLE_PREVIEWS = YES;
				INFOPLIST_FILE = sandbox/Info.plist;
				IPHONEOS_DEPLOYMENT_TARGET = 14.0;
				LD_RUNPATH_SEARCH_PATHS = (
					"$(inherited)",
					"@executable_path/Frameworks",
				);
				PRODUCT_BUNDLE_IDENTIFIER = com.borkolidev.sandbox;
				PRODUCT_NAME = "$(TARGET_NAME)";
				SWIFT_VERSION = 5.0;
				TARGETED_DEVICE_FAMILY = "1,2";
			};
			name = Release;
		};
/* End XCBuildConfiguration section */

/* Begin XCConfigurationList section */
		EA8C8052254FA2AF00305679 /* Build configuration list for PBXProject "sandbox" */ = {
			isa = XCConfigurationList;
			buildConfigurations = (
				EA8C8064254FA2B000305679 /* Debug */,
				EA8C8065254FA2B000305679 /* Release */,
			);
			defaultConfigurationIsVisible = 0;
			defaultConfigurationName = Release;
		};
		EA8C8066254FA2B000305679 /* Build configuration list for PBXNativeTarget "sandbox" */ = {
			isa = XCConfigurationList;
			buildConfigurations = (
				EA8C8067254FA2B000305679 /* Debug */,
				EA8C8068254FA2B000305679 /* Release */,
			);
			defaultConfigurationIsVisible = 0;
			defaultConfigurationName = Release;
		};
/* End XCConfigurationList section */
	};
	rootObject = EA8C804F254FA2AF00305679 /* Project object */;
}
